
Microsoft Visual Studio Solution File, Format Version 12.00
# Visual Studio Version 17
VisualStudioVersion = 17.10.35004.147
MinimumVisualStudioVersion = 10.0.40219.1
Project("{9A19103F-16F7-4668-BE54-9A1E7A4F7556}") = "API", "API\API.csproj", "{89E03E72-4E55-453B-B565-05CFAD707629}"
EndProject
Project("{9A19103F-16F7-4668-BE54-9A1E7A4F7556}") = "Services", "Services\Services.csproj", "{4F647719-5D1D-4C79-B736-157306C6F7F7}"
EndProject
Project("{9A19103F-16F7-4668-BE54-9A1E7A4F7556}") = "Models", "Models\Models.csproj", "{095224D1-BD21-4EDB-856D-44A7C6A3949B}"
EndProject
Project("{9A19103F-16F7-4668-BE54-9A1E7A4F7556}") = "Helpers", "Helpers\Helpers.csproj", "{A4F7277F-A1E3-48F9-80C3-B9DF9D47B4E8}"
EndProject
Project("{2150E333-8FDC-42A3-9474-1A3956D46DE8}") = "API.Folder", "API.Folder", "{D2728A24-E36A-468F-BD27-40A4E6F4C098}"
EndProject
Project("{2150E333-8FDC-42A3-9474-1A3956D46DE8}") = "Web.Folder", "Web.Folder", "{B19954E0-3A13-413E-838D-44B1C91D42F8}"
EndProject
Project("{2150E333-8FDC-42A3-9474-1A3956D46DE8}") = "Mobile.Folder", "Mobile.Folder", "{4C945753-F375-4BBE-9B89-A3D8B25AB1D2}"
EndProject
Project("{9A19103F-16F7-4668-BE54-9A1E7A4F7556}") = "Web", "Web\Web.csproj", "{110FF3D0-8BB3-4A73-8872-AD973800D632}"
EndProject
Project("{9A19103F-16F7-4668-BE54-9A1E7A4F7556}") = "View.Models", "View.Models\View.Models.csproj", "{23022DD0-075E-48C4-84AC-78C718C103ED}"
EndProject
Project("{9A19103F-16F7-4668-BE54-9A1E7A4F7556}") = "Maui.Mobile", "Maui.Mobile\Maui.Mobile.csproj", "{665C542C-6426-4597-B3A7-56FA00FF2C54}"
EndProject
Project("{9A19103F-16F7-4668-BE54-9A1E7A4F7556}") = "Maui.Service", "Maui.Service\Maui.Service.csproj", "{58B2A63A-AFC1-4AD4-8EA3-EA38AEA3145A}"
EndProject
Project("{9A19103F-16F7-4668-BE54-9A1E7A4F7556}") = "Data.Structure", "Data.Structure\Data.Structure.csproj", "{83F54536-4DA0-41FC-896E-DDF55BAFA9E5}"
EndProject
Project("{9A19103F-16F7-4668-BE54-9A1E7A4F7556}") = "API.Client", "API.Client\API.Client.csproj", "{9EBA9DC5-8370-49A0-B940-2DAC11F27A80}"
EndProject
Global
	GlobalSection(SolutionConfigurationPlatforms) = preSolution
		Debug|Any CPU = Debug|Any CPU
		Release|Any CPU = Release|Any CPU
	EndGlobalSection
	GlobalSection(ProjectConfigurationPlatforms) = postSolution
		{89E03E72-4E55-453B-B565-05CFAD707629}.Debug|Any CPU.ActiveCfg = Debug|Any CPU
		{89E03E72-4E55-453B-B565-05CFAD707629}.Debug|Any CPU.Build.0 = Debug|Any CPU
		{89E03E72-4E55-453B-B565-05CFAD707629}.Release|Any CPU.ActiveCfg = Release|Any CPU
		{89E03E72-4E55-453B-B565-05CFAD707629}.Release|Any CPU.Build.0 = Release|Any CPU
		{4F647719-5D1D-4C79-B736-157306C6F7F7}.Debug|Any CPU.ActiveCfg = Debug|Any CPU
		{4F647719-5D1D-4C79-B736-157306C6F7F7}.Debug|Any CPU.Build.0 = Debug|Any CPU
		{4F647719-5D1D-4C79-B736-157306C6F7F7}.Release|Any CPU.ActiveCfg = Release|Any CPU
		{4F647719-5D1D-4C79-B736-157306C6F7F7}.Release|Any CPU.Build.0 = Release|Any CPU
		{095224D1-BD21-4EDB-856D-44A7C6A3949B}.Debug|Any CPU.ActiveCfg = Debug|Any CPU
		{095224D1-BD21-4EDB-856D-44A7C6A3949B}.Debug|Any CPU.Build.0 = Debug|Any CPU
		{095224D1-BD21-4EDB-856D-44A7C6A3949B}.Release|Any CPU.ActiveCfg = Release|Any CPU
		{095224D1-BD21-4EDB-856D-44A7C6A3949B}.Release|Any CPU.Build.0 = Release|Any CPU
		{A4F7277F-A1E3-48F9-80C3-B9DF9D47B4E8}.Debug|Any CPU.ActiveCfg = Debug|Any CPU
		{A4F7277F-A1E3-48F9-80C3-B9DF9D47B4E8}.Debug|Any CPU.Build.0 = Debug|Any CPU
		{A4F7277F-A1E3-48F9-80C3-B9DF9D47B4E8}.Release|Any CPU.ActiveCfg = Release|Any CPU
		{A4F7277F-A1E3-48F9-80C3-B9DF9D47B4E8}.Release|Any CPU.Build.0 = Release|Any CPU
		{110FF3D0-8BB3-4A73-8872-AD973800D632}.Debug|Any CPU.ActiveCfg = Debug|Any CPU
		{110FF3D0-8BB3-4A73-8872-AD973800D632}.Debug|Any CPU.Build.0 = Debug|Any CPU
		{110FF3D0-8BB3-4A73-8872-AD973800D632}.Release|Any CPU.ActiveCfg = Release|Any CPU
		{110FF3D0-8BB3-4A73-8872-AD973800D632}.Release|Any CPU.Build.0 = Release|Any CPU
		{23022DD0-075E-48C4-84AC-78C718C103ED}.Debug|Any CPU.ActiveCfg = Debug|Any CPU
		{23022DD0-075E-48C4-84AC-78C718C103ED}.Debug|Any CPU.Build.0 = Debug|Any CPU
		{23022DD0-075E-48C4-84AC-78C718C103ED}.Release|Any CPU.ActiveCfg = Release|Any CPU
		{23022DD0-075E-48C4-84AC-78C718C103ED}.Release|Any CPU.Build.0 = Release|Any CPU
		{665C542C-6426-4597-B3A7-56FA00FF2C54}.Debug|Any CPU.ActiveCfg = Debug|Any CPU
		{665C542C-6426-4597-B3A7-56FA00FF2C54}.Debug|Any CPU.Build.0 = Debug|Any CPU
		{665C542C-6426-4597-B3A7-56FA00FF2C54}.Debug|Any CPU.Deploy.0 = Debug|Any CPU
		{665C542C-6426-4597-B3A7-56FA00FF2C54}.Release|Any CPU.ActiveCfg = Release|Any CPU
		{665C542C-6426-4597-B3A7-56FA00FF2C54}.Release|Any CPU.Build.0 = Release|Any CPU
		{665C542C-6426-4597-B3A7-56FA00FF2C54}.Release|Any CPU.Deploy.0 = Release|Any CPU
		{58B2A63A-AFC1-4AD4-8EA3-EA38AEA3145A}.Debug|Any CPU.ActiveCfg = Debug|Any CPU
		{58B2A63A-AFC1-4AD4-8EA3-EA38AEA3145A}.Debug|Any CPU.Build.0 = Debug|Any CPU
		{58B2A63A-AFC1-4AD4-8EA3-EA38AEA3145A}.Release|Any CPU.ActiveCfg = Release|Any CPU
		{58B2A63A-AFC1-4AD4-8EA3-EA38AEA3145A}.Release|Any CPU.Build.0 = Release|Any CPU
		{83F54536-4DA0-41FC-896E-DDF55BAFA9E5}.Debug|Any CPU.ActiveCfg = Debug|Any CPU
		{83F54536-4DA0-41FC-896E-DDF55BAFA9E5}.Debug|Any CPU.Build.0 = Debug|Any CPU
		{83F54536-4DA0-41FC-896E-DDF55BAFA9E5}.Release|Any CPU.ActiveCfg = Release|Any CPU
		{83F54536-4DA0-41FC-896E-DDF55BAFA9E5}.Release|Any CPU.Build.0 = Release|Any CPU
		{9EBA9DC5-8370-49A0-B940-2DAC11F27A80}.Debug|Any CPU.ActiveCfg = Debug|Any CPU
		{9EBA9DC5-8370-49A0-B940-2DAC11F27A80}.Debug|Any CPU.Build.0 = Debug|Any CPU
		{9EBA9DC5-8370-49A0-B940-2DAC11F27A80}.Release|Any CPU.ActiveCfg = Release|Any CPU
		{9EBA9DC5-8370-49A0-B940-2DAC11F27A80}.Release|Any CPU.Build.0 = Release|Any CPU
	EndGlobalSection
	GlobalSection(SolutionProperties) = preSolution
		HideSolutionNode = FALSE
	EndGlobalSection
	GlobalSection(NestedProjects) = preSolution
		{89E03E72-4E55-453B-B565-05CFAD707629} = {D2728A24-E36A-468F-BD27-40A4E6F4C098}
		{4F647719-5D1D-4C79-B736-157306C6F7F7} = {D2728A24-E36A-468F-BD27-40A4E6F4C098}
		{095224D1-BD21-4EDB-856D-44A7C6A3949B} = {D2728A24-E36A-468F-BD27-40A4E6F4C098}
		{A4F7277F-A1E3-48F9-80C3-B9DF9D47B4E8} = {D2728A24-E36A-468F-BD27-40A4E6F4C098}
		{110FF3D0-8BB3-4A73-8872-AD973800D632} = {B19954E0-3A13-413E-838D-44B1C91D42F8}
		{23022DD0-075E-48C4-84AC-78C718C103ED} = {B19954E0-3A13-413E-838D-44B1C91D42F8}
		{665C542C-6426-4597-B3A7-56FA00FF2C54} = {4C945753-F375-4BBE-9B89-A3D8B25AB1D2}
		{58B2A63A-AFC1-4AD4-8EA3-EA38AEA3145A} = {4C945753-F375-4BBE-9B89-A3D8B25AB1D2}
		{83F54536-4DA0-41FC-896E-DDF55BAFA9E5} = {D2728A24-E36A-468F-BD27-40A4E6F4C098}
		{9EBA9DC5-8370-49A0-B940-2DAC11F27A80} = {D2728A24-E36A-468F-BD27-40A4E6F4C098}
	EndGlobalSection
	GlobalSection(ExtensibilityGlobals) = postSolution
		SolutionGuid = {C4B18672-3C9A-44EC-8F9D-D78EDD413C6A}
	EndGlobalSection
EndGlobal
