
Microsoft Visual Studio Solution File, Format Version 12.00
# Visual Studio Version 17
VisualStudioVersion = 17.10.35004.147
MinimumVisualStudioVersion = 10.0.40219.1
Project("{9A19103F-16F7-4668-BE54-9A1E7A4F7556}") = "API", "API\API.csproj", "{89E03E72-4E55-453B-B565-05CFAD707629}"
EndProject
Project("{9A19103F-16F7-4668-BE54-9A1E7A4F7556}") = "Services", "Services\Services.csproj", "{4F647719-5D1D-4C79-B736-157306C6F7F7}"
EndProject
Project("{9A19103F-16F7-4668-BE54-9A1E7A4F7556}") = "Models", "Models\Models.csproj", "{095224D1-BD21-4EDB-856D-44A7C6A3949B}"
EndProject
Project("{9A19103F-16F7-4668-BE54-9A1E7A4F7556}") = "Helpers", "Helpers\Helpers.csproj", "{A4F7277F-A1E3-48F9-80C3-B9DF9D47B4E8}"
EndProject
Project("{2150E333-8FDC-42A3-9474-1A3956D46DE8}") = "API.Folder", "API.Folder", "{D2728A24-E36A-468F-BD27-40A4E6F4C098}"
EndProject
Project("{9A19103F-16F7-4668-BE54-9A1E7A4F7556}") = "Data.Structure", "Data.Structure\Data.Structure.csproj", "{83F54536-4DA0-41FC-896E-DDF55BAFA9E5}"
EndProject
Project("{9A19103F-16F7-4668-BE54-9A1E7A4F7556}") = "API.Client", "API.Client\API.Client.csproj", "{9EBA9DC5-8370-49A0-B940-2DAC11F27A80}"
EndProject
Project("{2150E333-8FDC-42A3-9474-1A3956D46DE8}") = "Test", "Test", "{02EA681E-C7D8-13C7-8484-4AC65E1B71E8}"
EndProject
Global
	GlobalSection(SolutionConfigurationPlatforms) = preSolution
		Debug|Any CPU = Debug|Any CPU
		Release|Any CPU = Release|Any CPU
	EndGlobalSection
	GlobalSection(ProjectConfigurationPlatforms) = postSolution
		{89E03E72-4E55-453B-B565-05CFAD707629}.Debug|Any CPU.ActiveCfg = Debug|Any CPU
		{89E03E72-4E55-453B-B565-05CFAD707629}.Debug|Any CPU.Build.0 = Debug|Any CPU
		{89E03E72-4E55-453B-B565-05CFAD707629}.Release|Any CPU.ActiveCfg = Release|Any CPU
		{89E03E72-4E55-453B-B565-05CFAD707629}.Release|Any CPU.Build.0 = Release|Any CPU
		{4F647719-5D1D-4C79-B736-157306C6F7F7}.Debug|Any CPU.ActiveCfg = Debug|Any CPU
		{4F647719-5D1D-4C79-B736-157306C6F7F7}.Debug|Any CPU.Build.0 = Debug|Any CPU
		{4F647719-5D1D-4C79-B736-157306C6F7F7}.Release|Any CPU.ActiveCfg = Release|Any CPU
		{4F647719-5D1D-4C79-B736-157306C6F7F7}.Release|Any CPU.Build.0 = Release|Any CPU
		{095224D1-BD21-4EDB-856D-44A7C6A3949B}.Debug|Any CPU.ActiveCfg = Debug|Any CPU
		{095224D1-BD21-4EDB-856D-44A7C6A3949B}.Debug|Any CPU.Build.0 = Debug|Any CPU
		{095224D1-BD21-4EDB-856D-44A7C6A3949B}.Release|Any CPU.ActiveCfg = Release|Any CPU
		{095224D1-BD21-4EDB-856D-44A7C6A3949B}.Release|Any CPU.Build.0 = Release|Any CPU
		{A4F7277F-A1E3-48F9-80C3-B9DF9D47B4E8}.Debug|Any CPU.ActiveCfg = Debug|Any CPU
		{A4F7277F-A1E3-48F9-80C3-B9DF9D47B4E8}.Debug|Any CPU.Build.0 = Debug|Any CPU
		{A4F7277F-A1E3-48F9-80C3-B9DF9D47B4E8}.Release|Any CPU.ActiveCfg = Release|Any CPU
		{A4F7277F-A1E3-48F9-80C3-B9DF9D47B4E8}.Release|Any CPU.Build.0 = Release|Any CPU
		{83F54536-4DA0-41FC-896E-DDF55BAFA9E5}.Debug|Any CPU.ActiveCfg = Debug|Any CPU
		{83F54536-4DA0-41FC-896E-DDF55BAFA9E5}.Debug|Any CPU.Build.0 = Debug|Any CPU
		{83F54536-4DA0-41FC-896E-DDF55BAFA9E5}.Release|Any CPU.ActiveCfg = Release|Any CPU
		{83F54536-4DA0-41FC-896E-DDF55BAFA9E5}.Release|Any CPU.Build.0 = Release|Any CPU
		{9EBA9DC5-8370-49A0-B940-2DAC11F27A80}.Debug|Any CPU.ActiveCfg = Debug|Any CPU
		{9EBA9DC5-8370-49A0-B940-2DAC11F27A80}.Debug|Any CPU.Build.0 = Debug|Any CPU
		{9EBA9DC5-8370-49A0-B940-2DAC11F27A80}.Release|Any CPU.ActiveCfg = Release|Any CPU
		{9EBA9DC5-8370-49A0-B940-2DAC11F27A80}.Release|Any CPU.Build.0 = Release|Any CPU
	EndGlobalSection
	GlobalSection(SolutionProperties) = preSolution
		HideSolutionNode = FALSE
	EndGlobalSection
	GlobalSection(NestedProjects) = preSolution
		{89E03E72-4E55-453B-B565-05CFAD707629} = {D2728A24-E36A-468F-BD27-40A4E6F4C098}
		{4F647719-5D1D-4C79-B736-157306C6F7F7} = {D2728A24-E36A-468F-BD27-40A4E6F4C098}
		{095224D1-BD21-4EDB-856D-44A7C6A3949B} = {D2728A24-E36A-468F-BD27-40A4E6F4C098}
		{A4F7277F-A1E3-48F9-80C3-B9DF9D47B4E8} = {D2728A24-E36A-468F-BD27-40A4E6F4C098}
		{83F54536-4DA0-41FC-896E-DDF55BAFA9E5} = {D2728A24-E36A-468F-BD27-40A4E6F4C098}
		{9EBA9DC5-8370-49A0-B940-2DAC11F27A80} = {D2728A24-E36A-468F-BD27-40A4E6F4C098}
	EndGlobalSection
	GlobalSection(ExtensibilityGlobals) = postSolution
		SolutionGuid = {C4B18672-3C9A-44EC-8F9D-D78EDD413C6A}
	EndGlobalSection
EndGlobal
